Microsoft Visual Studio Solution File, Format Version 12.00
# Visual Studio 2013
Project("{8BC9CEB8-8B4A-11D0-8D11-00A0C91BC942}") = "ALL_BUILD", "ALL_BUILD.vcxproj", "{8A80ECF8-4860-42A2-9E82-60D9F0E7E634}"
	ProjectSection(ProjectDependencies) = postProject
		{A438AD14-F152-4DFD-882A-56E56EF0C4CA} = {A438AD14-F152-4DFD-882A-56E56EF0C4CA}
		{F90A2322-B518-4305-9950-53066703311D} = {F90A2322-B518-4305-9950-53066703311D}
		{80016E06-72D7-4FB1-B61A-499D13A92D3E} = {80016E06-72D7-4FB1-B61A-499D13A92D3E}
		{61B2C761-E399-426C-828C-B1FED15BB94E} = {61B2C761-E399-426C-828C-B1FED15BB94E}
		{30F903CC-40B8-41F9-8FBA-60EC24002F16} = {30F903CC-40B8-41F9-8FBA-60EC24002F16}
	EndProjectSection
EndProject
Project("{8BC9CEB8-8B4A-11D0-8D11-00A0C91BC942}") = "BulletCollision", "src\BulletCollision\BulletCollision.vcxproj", "{A438AD14-F152-4DFD-882A-56E56EF0C4CA}"
	ProjectSection(ProjectDependencies) = postProject
		{30F903CC-40B8-41F9-8FBA-60EC24002F16} = {30F903CC-40B8-41F9-8FBA-60EC24002F16}
	EndProjectSection
EndProject
Project("{8BC9CEB8-8B4A-11D0-8D11-00A0C91BC942}") = "BulletDynamics", "src\BulletDynamics\BulletDynamics.vcxproj", "{F90A2322-B518-4305-9950-53066703311D}"
	ProjectSection(ProjectDependencies) = postProject
		{30F903CC-40B8-41F9-8FBA-60EC24002F16} = {30F903CC-40B8-41F9-8FBA-60EC24002F16}
	EndProjectSection
EndProject
Project("{8BC9CEB8-8B4A-11D0-8D11-00A0C91BC942}") = "BulletSoftBody", "src\BulletSoftBody\BulletSoftBody.vcxproj", "{80016E06-72D7-4FB1-B61A-499D13A92D3E}"
	ProjectSection(ProjectDependencies) = postProject
		{30F903CC-40B8-41F9-8FBA-60EC24002F16} = {30F903CC-40B8-41F9-8FBA-60EC24002F16}
	EndProjectSection
EndProject
Project("{8BC9CEB8-8B4A-11D0-8D11-00A0C91BC942}") = "INSTALL", "INSTALL.vcxproj", "{C33EA2A3-F44D-45C8-BD12-EFE013E05FF3}"
	ProjectSection(ProjectDependencies) = postProject
		{8A80ECF8-4860-42A2-9E82-60D9F0E7E634} = {8A80ECF8-4860-42A2-9E82-60D9F0E7E634}
	EndProjectSection
EndProject
Project("{8BC9CEB8-8B4A-11D0-8D11-00A0C91BC942}") = "LinearMath", "src\LinearMath\LinearMath.vcxproj", "{61B2C761-E399-426C-828C-B1FED15BB94E}"
	ProjectSection(ProjectDependencies) = postProject
		{30F903CC-40B8-41F9-8FBA-60EC24002F16} = {30F903CC-40B8-41F9-8FBA-60EC24002F16}
	EndProjectSection
EndProject
Project("{8BC9CEB8-8B4A-11D0-8D11-00A0C91BC942}") = "ZERO_CHECK", "ZERO_CHECK.vcxproj", "{30F903CC-40B8-41F9-8FBA-60EC24002F16}"
	ProjectSection(ProjectDependencies) = postProject
	EndProjectSection
EndProject
Global
	GlobalSection(SolutionConfigurationPlatforms) = preSolution
		Debug|Win32 = Debug|Win32
		Release|Win32 = Release|Win32
		MinSizeRel|Win32 = MinSizeRel|Win32
		RelWithDebInfo|Win32 = RelWithDebInfo|Win32
	EndGlobalSection
	GlobalSection(ProjectConfigurationPlatforms) = postSolution
		{8A80ECF8-4860-42A2-9E82-60D9F0E7E634}.Debug|Win32.ActiveCfg = Debug|Win32
		{8A80ECF8-4860-42A2-9E82-60D9F0E7E634}.Debug|Win32.Build.0 = Debug|Win32
		{8A80ECF8-4860-42A2-9E82-60D9F0E7E634}.Release|Win32.ActiveCfg = Release|Win32
		{8A80ECF8-4860-42A2-9E82-60D9F0E7E634}.Release|Win32.Build.0 = Release|Win32
		{8A80ECF8-4860-42A2-9E82-60D9F0E7E634}.MinSizeRel|Win32.ActiveCfg = MinSizeRel|Win32
		{8A80ECF8-4860-42A2-9E82-60D9F0E7E634}.MinSizeRel|Win32.Build.0 = MinSizeRel|Win32
		{8A80ECF8-4860-42A2-9E82-60D9F0E7E634}.RelWithDebInfo|Win32.ActiveCfg = RelWithDebInfo|Win32
		{8A80ECF8-4860-42A2-9E82-60D9F0E7E634}.RelWithDebInfo|Win32.Build.0 = RelWithDebInfo|Win32
		{A438AD14-F152-4DFD-882A-56E56EF0C4CA}.Debug|Win32.ActiveCfg = Debug|Win32
		{A438AD14-F152-4DFD-882A-56E56EF0C4CA}.Debug|Win32.Build.0 = Debug|Win32
		{A438AD14-F152-4DFD-882A-56E56EF0C4CA}.Release|Win32.ActiveCfg = Release|Win32
		{A438AD14-F152-4DFD-882A-56E56EF0C4CA}.Release|Win32.Build.0 = Release|Win32
		{A438AD14-F152-4DFD-882A-56E56EF0C4CA}.MinSizeRel|Win32.ActiveCfg = MinSizeRel|Win32
		{A438AD14-F152-4DFD-882A-56E56EF0C4CA}.MinSizeRel|Win32.Build.0 = MinSizeRel|Win32
		{A438AD14-F152-4DFD-882A-56E56EF0C4CA}.RelWithDebInfo|Win32.ActiveCfg = RelWithDebInfo|Win32
		{A438AD14-F152-4DFD-882A-56E56EF0C4CA}.RelWithDebInfo|Win32.Build.0 = RelWithDebInfo|Win32
		{F90A2322-B518-4305-9950-53066703311D}.Debug|Win32.ActiveCfg = Debug|Win32
		{F90A2322-B518-4305-9950-53066703311D}.Debug|Win32.Build.0 = Debug|Win32
		{F90A2322-B518-4305-9950-53066703311D}.Release|Win32.ActiveCfg = Release|Win32
		{F90A2322-B518-4305-9950-53066703311D}.Release|Win32.Build.0 = Release|Win32
		{F90A2322-B518-4305-9950-53066703311D}.MinSizeRel|Win32.ActiveCfg = MinSizeRel|Win32
		{F90A2322-B518-4305-9950-53066703311D}.MinSizeRel|Win32.Build.0 = MinSizeRel|Win32
		{F90A2322-B518-4305-9950-53066703311D}.RelWithDebInfo|Win32.ActiveCfg = RelWithDebInfo|Win32
		{F90A2322-B518-4305-9950-53066703311D}.RelWithDebInfo|Win32.Build.0 = RelWithDebInfo|Win32
		{80016E06-72D7-4FB1-B61A-499D13A92D3E}.Debug|Win32.ActiveCfg = Debug|Win32
		{80016E06-72D7-4FB1-B61A-499D13A92D3E}.Debug|Win32.Build.0 = Debug|Win32
		{80016E06-72D7-4FB1-B61A-499D13A92D3E}.Release|Win32.ActiveCfg = Release|Win32
		{80016E06-72D7-4FB1-B61A-499D13A92D3E}.Release|Win32.Build.0 = Release|Win32
		{80016E06-72D7-4FB1-B61A-499D13A92D3E}.MinSizeRel|Win32.ActiveCfg = MinSizeRel|Win32
		{80016E06-72D7-4FB1-B61A-499D13A92D3E}.MinSizeRel|Win32.Build.0 = MinSizeRel|Win32
		{80016E06-72D7-4FB1-B61A-499D13A92D3E}.RelWithDebInfo|Win32.ActiveCfg = RelWithDebInfo|Win32
		{80016E06-72D7-4FB1-B61A-499D13A92D3E}.RelWithDebInfo|Win32.Build.0 = RelWithDebInfo|Win32
		{C33EA2A3-F44D-45C8-BD12-EFE013E05FF3}.Debug|Win32.ActiveCfg = Debug|Win32
		{C33EA2A3-F44D-45C8-BD12-EFE013E05FF3}.Release|Win32.ActiveCfg = Release|Win32
		{C33EA2A3-F44D-45C8-BD12-EFE013E05FF3}.MinSizeRel|Win32.ActiveCfg = MinSizeRel|Win32
		{C33EA2A3-F44D-45C8-BD12-EFE013E05FF3}.RelWithDebInfo|Win32.ActiveCfg = RelWithDebInfo|Win32
		{61B2C761-E399-426C-828C-B1FED15BB94E}.Debug|Win32.ActiveCfg = Debug|Win32
		{61B2C761-E399-426C-828C-B1FED15BB94E}.Debug|Win32.Build.0 = Debug|Win32
		{61B2C761-E399-426C-828C-B1FED15BB94E}.Release|Win32.ActiveCfg = Release|Win32
		{61B2C761-E399-426C-828C-B1FED15BB94E}.Release|Win32.Build.0 = Release|Win32
		{61B2C761-E399-426C-828C-B1FED15BB94E}.MinSizeRel|Win32.ActiveCfg = MinSizeRel|Win32
		{61B2C761-E399-426C-828C-B1FED15BB94E}.MinSizeRel|Win32.Build.0 = MinSizeRel|Win32
		{61B2C761-E399-426C-828C-B1FED15BB94E}.RelWithDebInfo|Win32.ActiveCfg = RelWithDebInfo|Win32
		{61B2C761-E399-426C-828C-B1FED15BB94E}.RelWithDebInfo|Win32.Build.0 = RelWithDebInfo|Win32
		{30F903CC-40B8-41F9-8FBA-60EC24002F16}.Debug|Win32.ActiveCfg = Debug|Win32
		{30F903CC-40B8-41F9-8FBA-60EC24002F16}.Debug|Win32.Build.0 = Debug|Win32
		{30F903CC-40B8-41F9-8FBA-60EC24002F16}.Release|Win32.ActiveCfg = Release|Win32
		{30F903CC-40B8-41F9-8FBA-60EC24002F16}.Release|Win32.Build.0 = Release|Win32
		{30F903CC-40B8-41F9-8FBA-60EC24002F16}.MinSizeRel|Win32.ActiveCfg = MinSizeRel|Win32
		{30F903CC-40B8-41F9-8FBA-60EC24002F16}.MinSizeRel|Win32.Build.0 = MinSizeRel|Win32
		{30F903CC-40B8-41F9-8FBA-60EC24002F16}.RelWithDebInfo|Win32.ActiveCfg = RelWithDebInfo|Win32
		{30F903CC-40B8-41F9-8FBA-60EC24002F16}.RelWithDebInfo|Win32.Build.0 = RelWithDebInfo|Win32
	EndGlobalSection
	GlobalSection(ExtensibilityGlobals) = postSolution
	EndGlobalSection
	GlobalSection(ExtensibilityAddIns) = postSolution
	EndGlobalSection
EndGlobal
