<?xml version="1.0" encoding="UTF-8"?>
<Project ToolsVersion="12.0" xmlns="http://schemas.microsoft.com/developer/msbuild/2003">
  <ItemGroup>
    <CustomBuild Include="C:\Users\ttv14sjanin\Source\Repos\KulmaSimulator\KulmaSimulator\KulmaSimulator\lib\bullet\CMakeFiles\95e1c342cd80c7379a88ac2f3950e245\INSTALL_force.rule">
      <Filter>CMake Rules</Filter>
    </CustomBuild>
  </ItemGroup>
  <ItemGroup>
    <Filter Include="CMake Rules">
      <UniqueIdentifier>{17249A0D-D4D8-442E-9BF4-EC34A384CE01}</UniqueIdentifier>
    </Filter>
  </ItemGroup>
</Project>
