<?xml version="1.0" encoding="utf-8"?>
<Project ToolsVersion="4.0" xmlns="http://schemas.microsoft.com/developer/msbuild/2003">
  <ItemGroup>
    <Filter Include="Source Files">
      <UniqueIdentifier>{4FC737F1-C7A5-4376-A066-2A32D752A2FF}</UniqueIdentifier>
      <Extensions>cpp;c;cc;cxx;def;odl;idl;hpj;bat;asm;asmx</Extensions>
    </Filter>
    <Filter Include="Header Files">
      <UniqueIdentifier>{93995380-89BD-4b04-88EB-625FBE52EBFB}</UniqueIdentifier>
      <Extensions>h;hh;hpp;hxx;hm;inl;inc;xsd</Extensions>
    </Filter>
    <Filter Include="Resource Files">
      <UniqueIdentifier>{67DA6AB6-F800-4c08-8B7A-83BB121AAD01}</UniqueIdentifier>
      <Extensions>rc;ico;cur;bmp;dlg;rc2;rct;bin;rgs;gif;jpg;jpeg;jpe;resx;tiff;tif;png;wav;mfcribbon-ms</Extensions>
    </Filter>
    <Filter Include="Source Files\Voidbab">
      <UniqueIdentifier>{41da6ded-4776-4317-adb4-c47b511578d2}</UniqueIdentifier>
    </Filter>
    <Filter Include="Source Files\Component">
      <UniqueIdentifier>{06bc9b4a-eee1-4a05-8f3c-f32d34ed4963}</UniqueIdentifier>
    </Filter>
    <Filter Include="Header Files\Component">
      <UniqueIdentifier>{ff798c39-4620-42d7-987e-cbe0445fed7f}</UniqueIdentifier>
    </Filter>
    <Filter Include="Header Files\GameStates">
      <UniqueIdentifier>{26714745-143b-4411-aea7-8b267b4b5f60}</UniqueIdentifier>
    </Filter>
    <Filter Include="Source Files\GameStates">
      <UniqueIdentifier>{9e1ca8f8-045f-462e-ab04-1c0b21fa1829}</UniqueIdentifier>
    </Filter>
    <Filter Include="Header Files\engine">
      <UniqueIdentifier>{c9d31b85-a086-4d85-a977-13aee109d3d2}</UniqueIdentifier>
    </Filter>
    <Filter Include="Source Files\engine">
      <UniqueIdentifier>{bd3ecec1-4f81-49a4-b8a3-2dc732fabcf2}</UniqueIdentifier>
    </Filter>
    <Filter Include="Header Files\voidbab">
      <UniqueIdentifier>{7903144c-9bc0-4eee-92e0-8515b090a416}</UniqueIdentifier>
    </Filter>
    <Filter Include="Source Files\box">
      <UniqueIdentifier>{86f8659d-54ee-4785-817e-0b04613308b4}</UniqueIdentifier>
    </Filter>
    <Filter Include="Source Files\gobject">
      <UniqueIdentifier>{077ee29e-b2ca-48ae-8f85-85f07dedc3a0}</UniqueIdentifier>
    </Filter>
    <Filter Include="Header Files\gobject">
      <UniqueIdentifier>{1bd059d9-f941-4be5-a03f-1a1cb35a1c7f}</UniqueIdentifier>
    </Filter>
  </ItemGroup>
  <ItemGroup>
    <ClCompile Include="main.cpp">
      <Filter>Source Files</Filter>
    </ClCompile>
    <ClCompile Include="simulator.cpp">
      <Filter>Source Files</Filter>
    </ClCompile>
    <ClCompile Include="include\lodepng\lodepng.cpp">
      <Filter>Source Files</Filter>
    </ClCompile>
    <ClCompile Include="spritebatch.cpp">
      <Filter>Source Files</Filter>
    </ClCompile>
    <ClCompile Include="Component.cpp">
      <Filter>Source Files\Voidbab</Filter>
    </ClCompile>
    <ClCompile Include="ComponentManager.cpp">
      <Filter>Source Files\Voidbab</Filter>
    </ClCompile>
    <ClCompile Include="DrawableComponent.cpp">
      <Filter>Source Files\Voidbab</Filter>
    </ClCompile>
    <ClCompile Include="Entity.cpp">
      <Filter>Source Files\Voidbab</Filter>
    </ClCompile>
    <ClCompile Include="EntityManager.cpp">
      <Filter>Source Files\Voidbab</Filter>
    </ClCompile>
    <ClCompile Include="TagContainer.cpp">
      <Filter>Source Files\Voidbab</Filter>
    </ClCompile>
    <ClCompile Include="primitivebatch.cpp">
      <Filter>Source Files</Filter>
    </ClCompile>
    <ClCompile Include="sprite.cpp">
      <Filter>Source Files</Filter>
    </ClCompile>
    <ClCompile Include="inputcomponent.cpp">
      <Filter>Source Files\Component</Filter>
    </ClCompile>
    <ClCompile Include="rigidbody.cpp">
      <Filter>Source Files\Component</Filter>
    </ClCompile>
    <ClCompile Include="world.cpp">
      <Filter>Source Files</Filter>
    </ClCompile>
    <ClCompile Include="gamestates\gameplay.cpp">
      <Filter>Source Files\GameStates</Filter>
    </ClCompile>
    <ClCompile Include="content.cpp">
      <Filter>Source Files\engine</Filter>
    </ClCompile>
    <ClCompile Include="game.cpp">
      <Filter>Source Files\engine</Filter>
    </ClCompile>
    <ClCompile Include="gamestates.cpp">
      <Filter>Source Files\engine</Filter>
    </ClCompile>
    <ClCompile Include="input.cpp">
      <Filter>Source Files\engine</Filter>
    </ClCompile>
    <ClCompile Include="include\triggers.cpp">
      <Filter>Source Files\engine</Filter>
    </ClCompile>
    <ClCompile Include="resources.cpp">
      <Filter>Source Files\engine</Filter>
    </ClCompile>
    <ClCompile Include="component\meshrenderer.cpp">
      <Filter>Source Files\Component</Filter>
    </ClCompile>
    <ClCompile Include="component\transform.cpp">
      <Filter>Source Files\Component</Filter>
    </ClCompile>
    <ClCompile Include="engine\camera.cpp">
      <Filter>Source Files\engine</Filter>
    </ClCompile>
    <ClCompile Include="gamestates\pool.cpp">
      <Filter>Source Files\GameStates</Filter>
    </ClCompile>
    <ClCompile Include="entitybuilder.cpp">
      <Filter>Source Files</Filter>
    </ClCompile>
    <ClCompile Include="box2Ddebugdraw.cpp">
      <Filter>Source Files</Filter>
    </ClCompile>
    <ClCompile Include="include\Box2D\Common\b2BlockAllocator.cpp">
      <Filter>Source Files\box</Filter>
    </ClCompile>
    <ClCompile Include="include\Box2D\Dynamics\b2Body.cpp">
      <Filter>Source Files\box</Filter>
    </ClCompile>
    <ClCompile Include="include\Box2D\Collision\b2BroadPhase.cpp">
      <Filter>Source Files\box</Filter>
    </ClCompile>
    <ClCompile Include="include\Box2D\Dynamics\Contacts\b2ChainAndCircleContact.cpp">
      <Filter>Source Files\box</Filter>
    </ClCompile>
    <ClCompile Include="include\Box2D\Dynamics\Contacts\b2ChainAndPolygonContact.cpp">
      <Filter>Source Files\box</Filter>
    </ClCompile>
    <ClCompile Include="include\Box2D\Collision\Shapes\b2ChainShape.cpp">
      <Filter>Source Files\box</Filter>
    </ClCompile>
    <ClCompile Include="include\Box2D\Dynamics\Contacts\b2CircleContact.cpp">
      <Filter>Source Files\box</Filter>
    </ClCompile>
    <ClCompile Include="include\Box2D\Collision\Shapes\b2CircleShape.cpp">
      <Filter>Source Files\box</Filter>
    </ClCompile>
    <ClCompile Include="include\Box2D\Collision\b2CollideCircle.cpp">
      <Filter>Source Files\box</Filter>
    </ClCompile>
    <ClCompile Include="include\Box2D\Collision\b2CollideEdge.cpp">
      <Filter>Source Files\box</Filter>
    </ClCompile>
    <ClCompile Include="include\Box2D\Collision\b2CollidePolygon.cpp">
      <Filter>Source Files\box</Filter>
    </ClCompile>
    <ClCompile Include="include\Box2D\Collision\b2Collision.cpp">
      <Filter>Source Files\box</Filter>
    </ClCompile>
    <ClCompile Include="include\Box2D\Dynamics\Contacts\b2Contact.cpp">
      <Filter>Source Files\box</Filter>
    </ClCompile>
    <ClCompile Include="include\Box2D\Dynamics\b2ContactManager.cpp">
      <Filter>Source Files\box</Filter>
    </ClCompile>
    <ClCompile Include="include\Box2D\Dynamics\Contacts\b2ContactSolver.cpp">
      <Filter>Source Files\box</Filter>
    </ClCompile>
    <ClCompile Include="include\Box2D\Collision\b2Distance.cpp">
      <Filter>Source Files\box</Filter>
    </ClCompile>
    <ClCompile Include="include\Box2D\Dynamics\Joints\b2DistanceJoint.cpp">
      <Filter>Source Files\box</Filter>
    </ClCompile>
    <ClCompile Include="include\Box2D\Common\b2Draw.cpp">
      <Filter>Source Files\box</Filter>
    </ClCompile>
    <ClCompile Include="include\Box2D\Collision\b2DynamicTree.cpp">
      <Filter>Source Files\box</Filter>
    </ClCompile>
    <ClCompile Include="include\Box2D\Dynamics\Contacts\b2EdgeAndCircleContact.cpp">
      <Filter>Source Files\box</Filter>
    </ClCompile>
    <ClCompile Include="include\Box2D\Dynamics\Contacts\b2EdgeAndPolygonContact.cpp">
      <Filter>Source Files\box</Filter>
    </ClCompile>
    <ClCompile Include="include\Box2D\Collision\Shapes\b2EdgeShape.cpp">
      <Filter>Source Files\box</Filter>
    </ClCompile>
    <ClCompile Include="include\Box2D\Dynamics\b2Fixture.cpp">
      <Filter>Source Files\box</Filter>
    </ClCompile>
    <ClCompile Include="include\Box2D\Dynamics\Joints\b2FrictionJoint.cpp">
      <Filter>Source Files\box</Filter>
    </ClCompile>
    <ClCompile Include="include\Box2D\Dynamics\Joints\b2GearJoint.cpp">
      <Filter>Source Files\box</Filter>
    </ClCompile>
    <ClCompile Include="include\Box2D\Dynamics\b2Island.cpp">
      <Filter>Source Files\box</Filter>
    </ClCompile>
    <ClCompile Include="include\Box2D\Dynamics\Joints\b2Joint.cpp">
      <Filter>Source Files\box</Filter>
    </ClCompile>
    <ClCompile Include="include\Box2D\Common\b2Math.cpp">
      <Filter>Source Files\box</Filter>
    </ClCompile>
    <ClCompile Include="include\Box2D\Dynamics\Joints\b2MotorJoint.cpp">
      <Filter>Source Files\box</Filter>
    </ClCompile>
    <ClCompile Include="include\Box2D\Dynamics\Joints\b2MouseJoint.cpp">
      <Filter>Source Files\box</Filter>
    </ClCompile>
    <ClCompile Include="include\Box2D\Dynamics\Contacts\b2PolygonAndCircleContact.cpp">
      <Filter>Source Files\box</Filter>
    </ClCompile>
    <ClCompile Include="include\Box2D\Dynamics\Contacts\b2PolygonContact.cpp">
      <Filter>Source Files\box</Filter>
    </ClCompile>
    <ClCompile Include="include\Box2D\Collision\Shapes\b2PolygonShape.cpp">
      <Filter>Source Files\box</Filter>
    </ClCompile>
    <ClCompile Include="include\Box2D\Dynamics\Joints\b2PrismaticJoint.cpp">
      <Filter>Source Files\box</Filter>
    </ClCompile>
    <ClCompile Include="include\Box2D\Dynamics\Joints\b2PulleyJoint.cpp">
      <Filter>Source Files\box</Filter>
    </ClCompile>
    <ClCompile Include="include\Box2D\Dynamics\Joints\b2RevoluteJoint.cpp">
      <Filter>Source Files\box</Filter>
    </ClCompile>
    <ClCompile Include="include\Box2D\Rope\b2Rope.cpp">
      <Filter>Source Files\box</Filter>
    </ClCompile>
    <ClCompile Include="include\Box2D\Dynamics\Joints\b2RopeJoint.cpp">
      <Filter>Source Files\box</Filter>
    </ClCompile>
    <ClCompile Include="include\Box2D\Common\b2Settings.cpp">
      <Filter>Source Files\box</Filter>
    </ClCompile>
    <ClCompile Include="include\Box2D\Common\b2StackAllocator.cpp">
      <Filter>Source Files\box</Filter>
    </ClCompile>
    <ClCompile Include="include\Box2D\Collision\b2TimeOfImpact.cpp">
      <Filter>Source Files\box</Filter>
    </ClCompile>
    <ClCompile Include="include\Box2D\Common\b2Timer.cpp">
      <Filter>Source Files\box</Filter>
    </ClCompile>
    <ClCompile Include="include\Box2D\Dynamics\Joints\b2WeldJoint.cpp">
      <Filter>Source Files\box</Filter>
    </ClCompile>
    <ClCompile Include="include\Box2D\Dynamics\Joints\b2WheelJoint.cpp">
      <Filter>Source Files\box</Filter>
    </ClCompile>
    <ClCompile Include="include\Box2D\Dynamics\b2World.cpp">
      <Filter>Source Files\box</Filter>
    </ClCompile>
    <ClCompile Include="include\Box2D\Dynamics\b2WorldCallbacks.cpp">
      <Filter>Source Files\box</Filter>
    </ClCompile>
    <ClCompile Include="src\gobject\poolstick.cpp">
      <Filter>Source Files\gobject</Filter>
    </ClCompile>
  </ItemGroup>
  <ItemGroup>
    <ClInclude Include="include\simulator.h">
      <Filter>Header Files</Filter>
    </ClInclude>
    <ClInclude Include="include\exceptions.h">
      <Filter>Header Files</Filter>
    </ClInclude>
    <ClInclude Include="include\lodepng\lodepng.h">
      <Filter>Header Files</Filter>
    </ClInclude>
    <ClInclude Include="include\spritebatch.h">
      <Filter>Header Files</Filter>
    </ClInclude>
    <ClInclude Include="include\util.h">
      <Filter>Header Files</Filter>
    </ClInclude>
    <ClInclude Include="include\sprite.h">
      <Filter>Header Files</Filter>
    </ClInclude>
    <ClInclude Include="include\primitivebatch.h">
      <Filter>Header Files</Filter>
    </ClInclude>
    <ClInclude Include="include\World.h">
      <Filter>Header Files</Filter>
    </ClInclude>
    <ClInclude Include="include\gameplay.h">
      <Filter>Header Files\GameStates</Filter>
    </ClInclude>
    <ClInclude Include="include\component\meshrenderer.h">
      <Filter>Header Files\Component</Filter>
    </ClInclude>
    <ClInclude Include="include\inputcomponent.h">
      <Filter>Header Files\Component</Filter>
    </ClInclude>
    <ClInclude Include="include\Component.h">
      <Filter>Header Files\voidbab</Filter>
    </ClInclude>
    <ClInclude Include="include\ComponentManager.h">
      <Filter>Header Files\voidbab</Filter>
    </ClInclude>
    <ClInclude Include="include\DrawableComponent.h">
      <Filter>Header Files\voidbab</Filter>
    </ClInclude>
    <ClInclude Include="include\TagContainer.h">
      <Filter>Header Files\voidbab</Filter>
    </ClInclude>
    <ClInclude Include="include\Entity.h">
      <Filter>Header Files\voidbab</Filter>
    </ClInclude>
    <ClInclude Include="include\EntityManager.h">
      <Filter>Header Files\voidbab</Filter>
    </ClInclude>
    <ClInclude Include="include\engine\content.h">
      <Filter>Header Files\engine</Filter>
    </ClInclude>
    <ClInclude Include="include\engine\game.h">
      <Filter>Header Files\engine</Filter>
    </ClInclude>
    <ClInclude Include="include\engine\gamestates.h">
      <Filter>Header Files\engine</Filter>
    </ClInclude>
    <ClInclude Include="include\engine\input.h">
      <Filter>Header Files\engine</Filter>
    </ClInclude>
    <ClInclude Include="include\engine\resources.h">
      <Filter>Header Files\engine</Filter>
    </ClInclude>
    <ClInclude Include="include\engine\triggers.h">
      <Filter>Header Files\engine</Filter>
    </ClInclude>
    <ClInclude Include="include\component\transform.h">
      <Filter>Header Files\Component</Filter>
    </ClInclude>
    <ClInclude Include="include\engine\camera.h">
      <Filter>Header Files\engine</Filter>
    </ClInclude>
    <ClInclude Include="include\gamestate\pool.h">
      <Filter>Header Files\GameStates</Filter>
    </ClInclude>
    <ClInclude Include="include\entitybuilder.h">
      <Filter>Header Files</Filter>
    </ClInclude>
    <ClInclude Include="include\component\rigidbody.h">
      <Filter>Header Files\Component</Filter>
    </ClInclude>
    <ClInclude Include="include\box2Ddebugdraw.h">
      <Filter>Header Files</Filter>
    </ClInclude>
    <ClInclude Include="include\Box2D\Collision\Shapes\b2ChainShape.h">
      <Filter>Header Files</Filter>
    </ClInclude>
    <ClInclude Include="include\Box2D\Collision\Shapes\b2CircleShape.h">
      <Filter>Header Files</Filter>
    </ClInclude>
    <ClInclude Include="include\Box2D\Collision\Shapes\b2EdgeShape.h">
      <Filter>Header Files</Filter>
    </ClInclude>
    <ClInclude Include="include\Box2D\Collision\Shapes\b2PolygonShape.h">
      <Filter>Header Files</Filter>
    </ClInclude>
    <ClInclude Include="include\Box2D\Collision\Shapes\b2Shape.h">
      <Filter>Header Files</Filter>
    </ClInclude>
    <ClInclude Include="include\Box2D\Collision\b2BroadPhase.h">
      <Filter>Header Files</Filter>
    </ClInclude>
    <ClInclude Include="include\Box2D\Collision\b2Collision.h">
      <Filter>Header Files</Filter>
    </ClInclude>
    <ClInclude Include="include\Box2D\Collision\b2Distance.h">
      <Filter>Header Files</Filter>
    </ClInclude>
    <ClInclude Include="include\Box2D\Collision\b2DynamicTree.h">
      <Filter>Header Files</Filter>
    </ClInclude>
    <ClInclude Include="include\Box2D\Collision\b2TimeOfImpact.h">
      <Filter>Header Files</Filter>
    </ClInclude>
    <ClInclude Include="include\Box2D\Common\b2BlockAllocator.h">
      <Filter>Header Files</Filter>
    </ClInclude>
    <ClInclude Include="include\Box2D\Common\b2Draw.h">
      <Filter>Header Files</Filter>
    </ClInclude>
    <ClInclude Include="include\Box2D\Common\b2GrowableStack.h">
      <Filter>Header Files</Filter>
    </ClInclude>
    <ClInclude Include="include\Box2D\Common\b2Math.h">
      <Filter>Header Files</Filter>
    </ClInclude>
    <ClInclude Include="include\Box2D\Common\b2Settings.h">
      <Filter>Header Files</Filter>
    </ClInclude>
    <ClInclude Include="include\Box2D\Common\b2StackAllocator.h">
      <Filter>Header Files</Filter>
    </ClInclude>
    <ClInclude Include="include\Box2D\Common\b2Timer.h">
      <Filter>Header Files</Filter>
    </ClInclude>
    <ClInclude Include="include\Box2D\Dynamics\Contacts\b2ChainAndCircleContact.h">
      <Filter>Header Files</Filter>
    </ClInclude>
    <ClInclude Include="include\Box2D\Dynamics\Contacts\b2ChainAndPolygonContact.h">
      <Filter>Header Files</Filter>
    </ClInclude>
    <ClInclude Include="include\Box2D\Dynamics\Contacts\b2CircleContact.h">
      <Filter>Header Files</Filter>
    </ClInclude>
    <ClInclude Include="include\Box2D\Dynamics\Contacts\b2Contact.h">
      <Filter>Header Files</Filter>
    </ClInclude>
    <ClInclude Include="include\Box2D\Dynamics\Contacts\b2ContactSolver.h">
      <Filter>Header Files</Filter>
    </ClInclude>
    <ClInclude Include="include\Box2D\Dynamics\Contacts\b2EdgeAndCircleContact.h">
      <Filter>Header Files</Filter>
    </ClInclude>
    <ClInclude Include="include\Box2D\Dynamics\Contacts\b2EdgeAndPolygonContact.h">
      <Filter>Header Files</Filter>
    </ClInclude>
    <ClInclude Include="include\Box2D\Dynamics\Contacts\b2PolygonAndCircleContact.h">
      <Filter>Header Files</Filter>
    </ClInclude>
    <ClInclude Include="include\Box2D\Dynamics\Contacts\b2PolygonContact.h">
      <Filter>Header Files</Filter>
    </ClInclude>
    <ClInclude Include="include\Box2D\Dynamics\Joints\b2DistanceJoint.h">
      <Filter>Header Files</Filter>
    </ClInclude>
    <ClInclude Include="include\Box2D\Dynamics\Joints\b2FrictionJoint.h">
      <Filter>Header Files</Filter>
    </ClInclude>
    <ClInclude Include="include\Box2D\Dynamics\Joints\b2GearJoint.h">
      <Filter>Header Files</Filter>
    </ClInclude>
    <ClInclude Include="include\Box2D\Dynamics\Joints\b2Joint.h">
      <Filter>Header Files</Filter>
    </ClInclude>
    <ClInclude Include="include\Box2D\Dynamics\Joints\b2MotorJoint.h">
      <Filter>Header Files</Filter>
    </ClInclude>
    <ClInclude Include="include\Box2D\Dynamics\Joints\b2MouseJoint.h">
      <Filter>Header Files</Filter>
    </ClInclude>
    <ClInclude Include="include\Box2D\Dynamics\Joints\b2PrismaticJoint.h">
      <Filter>Header Files</Filter>
    </ClInclude>
    <ClInclude Include="include\Box2D\Dynamics\Joints\b2PulleyJoint.h">
      <Filter>Header Files</Filter>
    </ClInclude>
    <ClInclude Include="include\Box2D\Dynamics\Joints\b2RevoluteJoint.h">
      <Filter>Header Files</Filter>
    </ClInclude>
    <ClInclude Include="include\Box2D\Dynamics\Joints\b2RopeJoint.h">
      <Filter>Header Files</Filter>
    </ClInclude>
    <ClInclude Include="include\Box2D\Dynamics\Joints\b2WeldJoint.h">
      <Filter>Header Files</Filter>
    </ClInclude>
    <ClInclude Include="include\Box2D\Dynamics\Joints\b2WheelJoint.h">
      <Filter>Header Files</Filter>
    </ClInclude>
    <ClInclude Include="include\Box2D\Dynamics\b2Body.h">
      <Filter>Header Files</Filter>
    </ClInclude>
    <ClInclude Include="include\Box2D\Dynamics\b2ContactManager.h">
      <Filter>Header Files</Filter>
    </ClInclude>
    <ClInclude Include="include\Box2D\Dynamics\b2Fixture.h">
      <Filter>Header Files</Filter>
    </ClInclude>
    <ClInclude Include="include\Box2D\Dynamics\b2Island.h">
      <Filter>Header Files</Filter>
    </ClInclude>
    <ClInclude Include="include\Box2D\Dynamics\b2TimeStep.h">
      <Filter>Header Files</Filter>
    </ClInclude>
    <ClInclude Include="include\Box2D\Dynamics\b2World.h">
      <Filter>Header Files</Filter>
    </ClInclude>
    <ClInclude Include="include\Box2D\Dynamics\b2WorldCallbacks.h">
      <Filter>Header Files</Filter>
    </ClInclude>
    <ClInclude Include="include\Box2D\Rope\b2Rope.h">
      <Filter>Header Files</Filter>
    </ClInclude>
    <ClInclude Include="include\Box2D\Box2D.h">
      <Filter>Header Files</Filter>
    </ClInclude>
    <ClInclude Include="include\component\poolstick.h">
      <Filter>Header Files\Component</Filter>
    </ClInclude>
  </ItemGroup>
</Project>